
Microsoft Visual Studio Solution File, Format Version 12.00
# Visual Studio 15
VisualStudioVersion = 15.0.28010.2046
MinimumVisualStudioVersion = 10.0.40219.1
Project("{8BC9CEB8-8B4A-11D0-8D11-00A0C91BC942}") = "疯狂实践系列十三：BP神经网络", "疯狂实践系列十三：BP神经网络\疯狂实践系列十三：BP神经网络.vcxproj", "{2ABD1E4E-7505-48EE-89B3-7A38A066F0EB}"
EndProject
Project("{8BC9CEB8-8B4A-11D0-8D11-00A0C91BC942}") = "BPNetTest_MultiplyRule", "BPNetTest_MultiplyRule\BPNetTest_MultiplyRule.vcxproj", "{EFFE97CD-211D-4BCC-9B80-0E26DB79CE2E}"
EndProject
Project("{8BC9CEB8-8B4A-11D0-8D11-00A0C91BC942}") = "BPNetTest_Iris", "BPNetTest_Iris\BPNetTest_Iris.vcxproj", "{BF96DFE0-80D3-4BC4-A0DC-ACB68F8E57A1}"
EndProject
Global
	GlobalSection(SolutionConfigurationPlatforms) = preSolution
		Debug|Win32 = Debug|Win32
		Debug|x64 = Debug|x64
		Release|Win32 = Release|Win32
		Release|x64 = Release|x64
	EndGlobalSection
	GlobalSection(ProjectConfigurationPlatforms) = postSolution
		{2ABD1E4E-7505-48EE-89B3-7A38A066F0EB}.Debug|Win32.ActiveCfg = Debug|Win32
		{2ABD1E4E-7505-48EE-89B3-7A38A066F0EB}.Debug|Win32.Build.0 = Debug|Win32
		{2ABD1E4E-7505-48EE-89B3-7A38A066F0EB}.Debug|x64.ActiveCfg = Debug|Win32
		{2ABD1E4E-7505-48EE-89B3-7A38A066F0EB}.Release|Win32.ActiveCfg = Release|Win32
		{2ABD1E4E-7505-48EE-89B3-7A38A066F0EB}.Release|Win32.Build.0 = Release|Win32
		{2ABD1E4E-7505-48EE-89B3-7A38A066F0EB}.Release|x64.ActiveCfg = Release|Win32
		{EFFE97CD-211D-4BCC-9B80-0E26DB79CE2E}.Debug|Win32.ActiveCfg = Debug|Win32
		{EFFE97CD-211D-4BCC-9B80-0E26DB79CE2E}.Debug|Win32.Build.0 = Debug|Win32
		{EFFE97CD-211D-4BCC-9B80-0E26DB79CE2E}.Debug|x64.ActiveCfg = Debug|x64
		{EFFE97CD-211D-4BCC-9B80-0E26DB79CE2E}.Debug|x64.Build.0 = Debug|x64
		{EFFE97CD-211D-4BCC-9B80-0E26DB79CE2E}.Release|Win32.ActiveCfg = Release|Win32
		{EFFE97CD-211D-4BCC-9B80-0E26DB79CE2E}.Release|Win32.Build.0 = Release|Win32
		{EFFE97CD-211D-4BCC-9B80-0E26DB79CE2E}.Release|x64.ActiveCfg = Release|x64
		{EFFE97CD-211D-4BCC-9B80-0E26DB79CE2E}.Release|x64.Build.0 = Release|x64
		{BF96DFE0-80D3-4BC4-A0DC-ACB68F8E57A1}.Debug|Win32.ActiveCfg = Debug|Win32
		{BF96DFE0-80D3-4BC4-A0DC-ACB68F8E57A1}.Debug|Win32.Build.0 = Debug|Win32
		{BF96DFE0-80D3-4BC4-A0DC-ACB68F8E57A1}.Debug|x64.ActiveCfg = Debug|x64
		{BF96DFE0-80D3-4BC4-A0DC-ACB68F8E57A1}.Debug|x64.Build.0 = Debug|x64
		{BF96DFE0-80D3-4BC4-A0DC-ACB68F8E57A1}.Release|Win32.ActiveCfg = Release|Win32
		{BF96DFE0-80D3-4BC4-A0DC-ACB68F8E57A1}.Release|Win32.Build.0 = Release|Win32
		{BF96DFE0-80D3-4BC4-A0DC-ACB68F8E57A1}.Release|x64.ActiveCfg = Release|x64
		{BF96DFE0-80D3-4BC4-A0DC-ACB68F8E57A1}.Release|x64.Build.0 = Release|x64
	EndGlobalSection
	GlobalSection(SolutionProperties) = preSolution
		HideSolutionNode = FALSE
	EndGlobalSection
	GlobalSection(ExtensibilityGlobals) = postSolution
		SolutionGuid = {97C291BE-83C7-4B07-B77A-4B666DE99D83}
	EndGlobalSection
EndGlobal
